
Microsoft Visual Studio Solution File, Format Version 12.00
# Visual Studio Version 17
VisualStudioVersion = 17.14.36518.9
MinimumVisualStudioVersion = 10.0.40219.1
Project("{9A19103F-16F7-4668-BE54-9A1E7A4F7556}") = "DocumentManagementSystem", "DocumentManagementSystem\DocumentManagementSystem.csproj", "{114C901B-81E1-4868-890E-D457D86E1B09}"
EndProject
Project("{9A19103F-16F7-4668-BE54-9A1E7A4F7556}") = "DocumentManagementSystem.Tests", "DocumentManagementSystem.Tests\DocumentManagementSystem.Tests.csproj", "{379A26A5-0305-4EFD-B01E-730248CBE6C0}"
EndProject
Project("{9A19103F-16F7-4668-BE54-9A1E7A4F7556}") = "OcrWorker", "OcrWorker\OcrWorker.csproj", "{D34FC2DE-5D38-32BC-B5CB-4BBF585A0F30}"
EndProject
Global
	GlobalSection(SolutionConfigurationPlatforms) = preSolution
		Debug|Any CPU = Debug|Any CPU
		Release|Any CPU = Release|Any CPU
	EndGlobalSection
	GlobalSection(ProjectConfigurationPlatforms) = postSolution
		{114C901B-81E1-4868-890E-D457D86E1B09}.Debug|Any CPU.ActiveCfg = Debug|Any CPU
		{114C901B-81E1-4868-890E-D457D86E1B09}.Debug|Any CPU.Build.0 = Debug|Any CPU
		{114C901B-81E1-4868-890E-D457D86E1B09}.Release|Any CPU.ActiveCfg = Release|Any CPU
		{114C901B-81E1-4868-890E-D457D86E1B09}.Release|Any CPU.Build.0 = Release|Any CPU
		{379A26A5-0305-4EFD-B01E-730248CBE6C0}.Debug|Any CPU.ActiveCfg = Debug|Any CPU
		{379A26A5-0305-4EFD-B01E-730248CBE6C0}.Debug|Any CPU.Build.0 = Debug|Any CPU
		{379A26A5-0305-4EFD-B01E-730248CBE6C0}.Release|Any CPU.ActiveCfg = Release|Any CPU
		{379A26A5-0305-4EFD-B01E-730248CBE6C0}.Release|Any CPU.Build.0 = Release|Any CPU
		{D34FC2DE-5D38-32BC-B5CB-4BBF585A0F30}.Debug|Any CPU.ActiveCfg = Debug|Any CPU
		{D34FC2DE-5D38-32BC-B5CB-4BBF585A0F30}.Debug|Any CPU.Build.0 = Debug|Any CPU
		{D34FC2DE-5D38-32BC-B5CB-4BBF585A0F30}.Release|Any CPU.ActiveCfg = Release|Any CPU
		{D34FC2DE-5D38-32BC-B5CB-4BBF585A0F30}.Release|Any CPU.Build.0 = Release|Any CPU
	EndGlobalSection
	GlobalSection(SolutionProperties) = preSolution
		HideSolutionNode = FALSE
	EndGlobalSection
	GlobalSection(ExtensibilityGlobals) = postSolution
		SolutionGuid = {D4268AD1-E5B5-4696-92EC-55C24EB5EF49}
	EndGlobalSection
EndGlobal
